
Microsoft Visual Studio Solution File, Format Version 12.00
# Visual Studio Version 17
VisualStudioVersion = 17.1.32414.318
MinimumVisualStudioVersion = 10.0.40219.1
Project("{8BC9CEB8-8B4A-11D0-8D11-00A0C91BC942}") = "SourceScanner", "SourceScanner\SourceScanner.vcxproj", "{04DC6470-1EFF-42A8-86BC-5DE8FC24A92E}"
EndProject
Global
	GlobalSection(SolutionConfigurationPlatforms) = preSolution
		Debug|x64 = Debug|x64
		Debug|x86 = Debug|x86
		Release|x64 = Release|x64
		Release|x86 = Release|x86
	EndGlobalSection
	GlobalSection(ProjectConfigurationPlatforms) = postSolution
		{04DC6470-1EFF-42A8-86BC-5DE8FC24A92E}.Debug|x64.ActiveCfg = Debug|x64
		{04DC6470-1EFF-42A8-86BC-5DE8FC24A92E}.Debug|x64.Build.0 = Debug|x64
		{04DC6470-1EFF-42A8-86BC-5DE8FC24A92E}.Debug|x86.ActiveCfg = Debug|Win32
		{04DC6470-1EFF-42A8-86BC-5DE8FC24A92E}.Debug|x86.Build.0 = Debug|Win32
		{04DC6470-1EFF-42A8-86BC-5DE8FC24A92E}.Release|x64.ActiveCfg = Release|x64
		{04DC6470-1EFF-42A8-86BC-5DE8FC24A92E}.Release|x64.Build.0 = Release|x64
		{04DC6470-1EFF-42A8-86BC-5DE8FC24A92E}.Release|x86.ActiveCfg = Release|Win32
		{04DC6470-1EFF-42A8-86BC-5DE8FC24A92E}.Release|x86.Build.0 = Release|Win32
	EndGlobalSection
	GlobalSection(SolutionProperties) = preSolution
		HideSolutionNode = FALSE
	EndGlobalSection
	GlobalSection(ExtensibilityGlobals) = postSolution
		SolutionGuid = {09F015E7-5445-4D06-9D72-8CE7926FC197}
	EndGlobalSection
EndGlobal
